
Microsoft Visual Studio Solution File, Format Version 12.00
# Visual Studio 15
VisualStudioVersion = 15.0.27130.2036
MinimumVisualStudioVersion = 10.0.40219.1
Project("{FAE04EC0-301F-11D3-BF4B-00C04F79EFBC}") = "XamarinGameMikes.Android", "XamarinGameMikes\XamarinGameMikes.Android\XamarinGameMikes.Android.csproj", "{1538979B-EF13-4AF2-8C07-A99FC1247208}"
EndProject
Project("{FAE04EC0-301F-11D3-BF4B-00C04F79EFBC}") = "XamarinGameMikes.iOS", "XamarinGameMikes\XamarinGameMikes.iOS\XamarinGameMikes.iOS.csproj", "{E70E8FDF-13E2-4285-B878-2A22CB4DE99A}"
EndProject
Project("{FAE04EC0-301F-11D3-BF4B-00C04F79EFBC}") = "XamarinGameMikes.UWP", "XamarinGameMikes\XamarinGameMikes.UWP\XamarinGameMikes.UWP.csproj", "{B4A32EFA-5246-41B3-80DA-3B0A6C53259F}"
EndProject
Project("{FAE04EC0-301F-11D3-BF4B-00C04F79EFBC}") = "XamarinGameMikes", "XamarinGameMikes\XamarinGameMikes\XamarinGameMikes.csproj", "{DAD7D376-B536-41CE-8D71-16708738C72F}"
EndProject
Global
	GlobalSection(SolutionConfigurationPlatforms) = preSolution
		Ad-Hoc|Any CPU = Ad-Hoc|Any CPU
		Ad-Hoc|ARM = Ad-Hoc|ARM
		Ad-Hoc|iPhone = Ad-Hoc|iPhone
		Ad-Hoc|iPhoneSimulator = Ad-Hoc|iPhoneSimulator
		Ad-Hoc|x64 = Ad-Hoc|x64
		Ad-Hoc|x86 = Ad-Hoc|x86
		AppStore|Any CPU = AppStore|Any CPU
		AppStore|ARM = AppStore|ARM
		AppStore|iPhone = AppStore|iPhone
		AppStore|iPhoneSimulator = AppStore|iPhoneSimulator
		AppStore|x64 = AppStore|x64
		AppStore|x86 = AppStore|x86
		Debug|Any CPU = Debug|Any CPU
		Debug|ARM = Debug|ARM
		Debug|iPhone = Debug|iPhone
		Debug|iPhoneSimulator = Debug|iPhoneSimulator
		Debug|x64 = Debug|x64
		Debug|x86 = Debug|x86
		Release|Any CPU = Release|Any CPU
		Release|ARM = Release|ARM
		Release|iPhone = Release|iPhone
		Release|iPhoneSimulator = Release|iPhoneSimulator
		Release|x64 = Release|x64
		Release|x86 = Release|x86
	EndGlobalSection
	GlobalSection(ProjectConfigurationPlatforms) = postSolution
		{1538979B-EF13-4AF2-8C07-A99FC1247208}.Ad-Hoc|Any CPU.ActiveCfg = Release|Any CPU
		{1538979B-EF13-4AF2-8C07-A99FC1247208}.Ad-Hoc|Any CPU.Build.0 = Release|Any CPU
		{1538979B-EF13-4AF2-8C07-A99FC1247208}.Ad-Hoc|Any CPU.Deploy.0 = Release|Any CPU
		{1538979B-EF13-4AF2-8C07-A99FC1247208}.Ad-Hoc|ARM.ActiveCfg = Release|Any CPU
		{1538979B-EF13-4AF2-8C07-A99FC1247208}.Ad-Hoc|ARM.Build.0 = Release|Any CPU
		{1538979B-EF13-4AF2-8C07-A99FC1247208}.Ad-Hoc|ARM.Deploy.0 = Release|Any CPU
		{1538979B-EF13-4AF2-8C07-A99FC1247208}.Ad-Hoc|iPhone.ActiveCfg = Release|Any CPU
		{1538979B-EF13-4AF2-8C07-A99FC1247208}.Ad-Hoc|iPhone.Build.0 = Release|Any CPU
		{1538979B-EF13-4AF2-8C07-A99FC1247208}.Ad-Hoc|iPhone.Deploy.0 = Release|Any CPU
		{1538979B-EF13-4AF2-8C07-A99FC1247208}.Ad-Hoc|iPhoneSimulator.ActiveCfg = Release|Any CPU
		{1538979B-EF13-4AF2-8C07-A99FC1247208}.Ad-Hoc|iPhoneSimulator.Build.0 = Release|Any CPU
		{1538979B-EF13-4AF2-8C07-A99FC1247208}.Ad-Hoc|iPhoneSimulator.Deploy.0 = Release|Any CPU
		{1538979B-EF13-4AF2-8C07-A99FC1247208}.Ad-Hoc|x64.ActiveCfg = Release|Any CPU
		{1538979B-EF13-4AF2-8C07-A99FC1247208}.Ad-Hoc|x64.Build.0 = Release|Any CPU
		{1538979B-EF13-4AF2-8C07-A99FC1247208}.Ad-Hoc|x64.Deploy.0 = Release|Any CPU
		{1538979B-EF13-4AF2-8C07-A99FC1247208}.Ad-Hoc|x86.ActiveCfg = Release|Any CPU
		{1538979B-EF13-4AF2-8C07-A99FC1247208}.Ad-Hoc|x86.Build.0 = Release|Any CPU
		{1538979B-EF13-4AF2-8C07-A99FC1247208}.Ad-Hoc|x86.Deploy.0 = Release|Any CPU
		{1538979B-EF13-4AF2-8C07-A99FC1247208}.AppStore|Any CPU.ActiveCfg = Release|Any CPU
		{1538979B-EF13-4AF2-8C07-A99FC1247208}.AppStore|Any CPU.Build.0 = Release|Any CPU
		{1538979B-EF13-4AF2-8C07-A99FC1247208}.AppStore|Any CPU.Deploy.0 = Release|Any CPU
		{1538979B-EF13-4AF2-8C07-A99FC1247208}.AppStore|ARM.ActiveCfg = Release|Any CPU
		{1538979B-EF13-4AF2-8C07-A99FC1247208}.AppStore|ARM.Build.0 = Release|Any CPU
		{1538979B-EF13-4AF2-8C07-A99FC1247208}.AppStore|ARM.Deploy.0 = Release|Any CPU
		{1538979B-EF13-4AF2-8C07-A99FC1247208}.AppStore|iPhone.ActiveCfg = Release|Any CPU
		{1538979B-EF13-4AF2-8C07-A99FC1247208}.AppStore|iPhone.Build.0 = Release|Any CPU
		{1538979B-EF13-4AF2-8C07-A99FC1247208}.AppStore|iPhone.Deploy.0 = Release|Any CPU
		{1538979B-EF13-4AF2-8C07-A99FC1247208}.AppStore|iPhoneSimulator.ActiveCfg = Release|Any CPU
		{1538979B-EF13-4AF2-8C07-A99FC1247208}.AppStore|iPhoneSimulator.Build.0 = Release|Any CPU
		{1538979B-EF13-4AF2-8C07-A99FC1247208}.AppStore|iPhoneSimulator.Deploy.0 = Release|Any CPU
		{1538979B-EF13-4AF2-8C07-A99FC1247208}.AppStore|x64.ActiveCfg = Release|Any CPU
		{1538979B-EF13-4AF2-8C07-A99FC1247208}.AppStore|x64.Build.0 = Release|Any CPU
		{1538979B-EF13-4AF2-8C07-A99FC1247208}.AppStore|x64.Deploy.0 = Release|Any CPU
		{1538979B-EF13-4AF2-8C07-A99FC1247208}.AppStore|x86.ActiveCfg = Release|Any CPU
		{1538979B-EF13-4AF2-8C07-A99FC1247208}.AppStore|x86.Build.0 = Release|Any CPU
		{1538979B-EF13-4AF2-8C07-A99FC1247208}.AppStore|x86.Deploy.0 = Release|Any CPU
		{1538979B-EF13-4AF2-8C07-A99FC1247208}.Debug|Any CPU.ActiveCfg = Debug|Any CPU
		{1538979B-EF13-4AF2-8C07-A99FC1247208}.Debug|Any CPU.Build.0 = Debug|Any CPU
		{1538979B-EF13-4AF2-8C07-A99FC1247208}.Debug|Any CPU.Deploy.0 = Debug|Any CPU
		{1538979B-EF13-4AF2-8C07-A99FC1247208}.Debug|ARM.ActiveCfg = Debug|Any CPU
		{1538979B-EF13-4AF2-8C07-A99FC1247208}.Debug|ARM.Build.0 = Debug|Any CPU
		{1538979B-EF13-4AF2-8C07-A99FC1247208}.Debug|ARM.Deploy.0 = Debug|Any CPU
		{1538979B-EF13-4AF2-8C07-A99FC1247208}.Debug|iPhone.ActiveCfg = Debug|Any CPU
		{1538979B-EF13-4AF2-8C07-A99FC1247208}.Debug|iPhone.Build.0 = Debug|Any CPU
		{1538979B-EF13-4AF2-8C07-A99FC1247208}.Debug|iPhone.Deploy.0 = Debug|Any CPU
		{1538979B-EF13-4AF2-8C07-A99FC1247208}.Debug|iPhoneSimulator.ActiveCfg = Debug|Any CPU
		{1538979B-EF13-4AF2-8C07-A99FC1247208}.Debug|iPhoneSimulator.Build.0 = Debug|Any CPU
		{1538979B-EF13-4AF2-8C07-A99FC1247208}.Debug|iPhoneSimulator.Deploy.0 = Debug|Any CPU
		{1538979B-EF13-4AF2-8C07-A99FC1247208}.Debug|x64.ActiveCfg = Debug|Any CPU
		{1538979B-EF13-4AF2-8C07-A99FC1247208}.Debug|x64.Build.0 = Debug|Any CPU
		{1538979B-EF13-4AF2-8C07-A99FC1247208}.Debug|x64.Deploy.0 = Debug|Any CPU
		{1538979B-EF13-4AF2-8C07-A99FC1247208}.Debug|x86.ActiveCfg = Debug|Any CPU
		{1538979B-EF13-4AF2-8C07-A99FC1247208}.Debug|x86.Build.0 = Debug|Any CPU
		{1538979B-EF13-4AF2-8C07-A99FC1247208}.Debug|x86.Deploy.0 = Debug|Any CPU
		{1538979B-EF13-4AF2-8C07-A99FC1247208}.Release|Any CPU.ActiveCfg = Release|Any CPU
		{1538979B-EF13-4AF2-8C07-A99FC1247208}.Release|Any CPU.Build.0 = Release|Any CPU
		{1538979B-EF13-4AF2-8C07-A99FC1247208}.Release|Any CPU.Deploy.0 = Release|Any CPU
		{1538979B-EF13-4AF2-8C07-A99FC1247208}.Release|ARM.ActiveCfg = Release|Any CPU
		{1538979B-EF13-4AF2-8C07-A99FC1247208}.Release|ARM.Build.0 = Release|Any CPU
		{1538979B-EF13-4AF2-8C07-A99FC1247208}.Release|ARM.Deploy.0 = Release|Any CPU
		{1538979B-EF13-4AF2-8C07-A99FC1247208}.Release|iPhone.ActiveCfg = Release|Any CPU
		{1538979B-EF13-4AF2-8C07-A99FC1247208}.Release|iPhone.Build.0 = Release|Any CPU
		{1538979B-EF13-4AF2-8C07-A99FC1247208}.Release|iPhone.Deploy.0 = Release|Any CPU
		{1538979B-EF13-4AF2-8C07-A99FC1247208}.Release|iPhoneSimulator.ActiveCfg = Release|Any CPU
		{1538979B-EF13-4AF2-8C07-A99FC1247208}.Release|iPhoneSimulator.Build.0 = Release|Any CPU
		{1538979B-EF13-4AF2-8C07-A99FC1247208}.Release|iPhoneSimulator.Deploy.0 = Release|Any CPU
		{1538979B-EF13-4AF2-8C07-A99FC1247208}.Release|x64.ActiveCfg = Release|Any CPU
		{1538979B-EF13-4AF2-8C07-A99FC1247208}.Release|x64.Build.0 = Release|Any CPU
		{1538979B-EF13-4AF2-8C07-A99FC1247208}.Release|x64.Deploy.0 = Release|Any CPU
		{1538979B-EF13-4AF2-8C07-A99FC1247208}.Release|x86.ActiveCfg = Release|Any CPU
		{1538979B-EF13-4AF2-8C07-A99FC1247208}.Release|x86.Build.0 = Release|Any CPU
		{1538979B-EF13-4AF2-8C07-A99FC1247208}.Release|x86.Deploy.0 = Release|Any CPU
		{E70E8FDF-13E2-4285-B878-2A22CB4DE99A}.Ad-Hoc|Any CPU.ActiveCfg = Ad-Hoc|iPhone
		{E70E8FDF-13E2-4285-B878-2A22CB4DE99A}.Ad-Hoc|ARM.ActiveCfg = Ad-Hoc|iPhone
		{E70E8FDF-13E2-4285-B878-2A22CB4DE99A}.Ad-Hoc|iPhone.ActiveCfg = Ad-Hoc|iPhone
		{E70E8FDF-13E2-4285-B878-2A22CB4DE99A}.Ad-Hoc|iPhone.Build.0 = Ad-Hoc|iPhone
		{E70E8FDF-13E2-4285-B878-2A22CB4DE99A}.Ad-Hoc|iPhoneSimulator.ActiveCfg = Ad-Hoc|iPhoneSimulator
		{E70E8FDF-13E2-4285-B878-2A22CB4DE99A}.Ad-Hoc|iPhoneSimulator.Build.0 = Ad-Hoc|iPhoneSimulator
		{E70E8FDF-13E2-4285-B878-2A22CB4DE99A}.Ad-Hoc|x64.ActiveCfg = Ad-Hoc|iPhone
		{E70E8FDF-13E2-4285-B878-2A22CB4DE99A}.Ad-Hoc|x86.ActiveCfg = Ad-Hoc|iPhone
		{E70E8FDF-13E2-4285-B878-2A22CB4DE99A}.AppStore|Any CPU.ActiveCfg = AppStore|iPhone
		{E70E8FDF-13E2-4285-B878-2A22CB4DE99A}.AppStore|ARM.ActiveCfg = AppStore|iPhone
		{E70E8FDF-13E2-4285-B878-2A22CB4DE99A}.AppStore|iPhone.ActiveCfg = AppStore|iPhone
		{E70E8FDF-13E2-4285-B878-2A22CB4DE99A}.AppStore|iPhone.Build.0 = AppStore|iPhone
		{E70E8FDF-13E2-4285-B878-2A22CB4DE99A}.AppStore|iPhoneSimulator.ActiveCfg = AppStore|iPhoneSimulator
		{E70E8FDF-13E2-4285-B878-2A22CB4DE99A}.AppStore|iPhoneSimulator.Build.0 = AppStore|iPhoneSimulator
		{E70E8FDF-13E2-4285-B878-2A22CB4DE99A}.AppStore|x64.ActiveCfg = AppStore|iPhone
		{E70E8FDF-13E2-4285-B878-2A22CB4DE99A}.AppStore|x86.ActiveCfg = AppStore|iPhone
		{E70E8FDF-13E2-4285-B878-2A22CB4DE99A}.Debug|Any CPU.ActiveCfg = Debug|iPhone
		{E70E8FDF-13E2-4285-B878-2A22CB4DE99A}.Debug|ARM.ActiveCfg = Debug|iPhone
		{E70E8FDF-13E2-4285-B878-2A22CB4DE99A}.Debug|iPhone.ActiveCfg = Debug|iPhone
		{E70E8FDF-13E2-4285-B878-2A22CB4DE99A}.Debug|iPhone.Build.0 = Debug|iPhone
		{E70E8FDF-13E2-4285-B878-2A22CB4DE99A}.Debug|iPhoneSimulator.ActiveCfg = Debug|iPhoneSimulator
		{E70E8FDF-13E2-4285-B878-2A22CB4DE99A}.Debug|iPhoneSimulator.Build.0 = Debug|iPhoneSimulator
		{E70E8FDF-13E2-4285-B878-2A22CB4DE99A}.Debug|x64.ActiveCfg = Debug|iPhone
		{E70E8FDF-13E2-4285-B878-2A22CB4DE99A}.Debug|x86.ActiveCfg = Debug|iPhone
		{E70E8FDF-13E2-4285-B878-2A22CB4DE99A}.Release|Any CPU.ActiveCfg = Release|iPhone
		{E70E8FDF-13E2-4285-B878-2A22CB4DE99A}.Release|ARM.ActiveCfg = Release|iPhone
		{E70E8FDF-13E2-4285-B878-2A22CB4DE99A}.Release|iPhone.ActiveCfg = Release|iPhone
		{E70E8FDF-13E2-4285-B878-2A22CB4DE99A}.Release|iPhone.Build.0 = Release|iPhone
		{E70E8FDF-13E2-4285-B878-2A22CB4DE99A}.Release|iPhoneSimulator.ActiveCfg = Release|iPhoneSimulator
		{E70E8FDF-13E2-4285-B878-2A22CB4DE99A}.Release|iPhoneSimulator.Build.0 = Release|iPhoneSimulator
		{E70E8FDF-13E2-4285-B878-2A22CB4DE99A}.Release|x64.ActiveCfg = Release|iPhone
		{E70E8FDF-13E2-4285-B878-2A22CB4DE99A}.Release|x86.ActiveCfg = Release|iPhone
		{B4A32EFA-5246-41B3-80DA-3B0A6C53259F}.Ad-Hoc|Any CPU.ActiveCfg = Release|x86
		{B4A32EFA-5246-41B3-80DA-3B0A6C53259F}.Ad-Hoc|Any CPU.Build.0 = Release|x86
		{B4A32EFA-5246-41B3-80DA-3B0A6C53259F}.Ad-Hoc|Any CPU.Deploy.0 = Release|x86
		{B4A32EFA-5246-41B3-80DA-3B0A6C53259F}.Ad-Hoc|ARM.ActiveCfg = Release|ARM
		{B4A32EFA-5246-41B3-80DA-3B0A6C53259F}.Ad-Hoc|ARM.Build.0 = Release|ARM
		{B4A32EFA-5246-41B3-80DA-3B0A6C53259F}.Ad-Hoc|ARM.Deploy.0 = Release|ARM
		{B4A32EFA-5246-41B3-80DA-3B0A6C53259F}.Ad-Hoc|iPhone.ActiveCfg = Release|x86
		{B4A32EFA-5246-41B3-80DA-3B0A6C53259F}.Ad-Hoc|iPhone.Build.0 = Release|x86
		{B4A32EFA-5246-41B3-80DA-3B0A6C53259F}.Ad-Hoc|iPhone.Deploy.0 = Release|x86
		{B4A32EFA-5246-41B3-80DA-3B0A6C53259F}.Ad-Hoc|iPhoneSimulator.ActiveCfg = Release|x86
		{B4A32EFA-5246-41B3-80DA-3B0A6C53259F}.Ad-Hoc|iPhoneSimulator.Build.0 = Release|x86
		{B4A32EFA-5246-41B3-80DA-3B0A6C53259F}.Ad-Hoc|iPhoneSimulator.Deploy.0 = Release|x86
		{B4A32EFA-5246-41B3-80DA-3B0A6C53259F}.Ad-Hoc|x64.ActiveCfg = Release|x64
		{B4A32EFA-5246-41B3-80DA-3B0A6C53259F}.Ad-Hoc|x64.Build.0 = Release|x64
		{B4A32EFA-5246-41B3-80DA-3B0A6C53259F}.Ad-Hoc|x64.Deploy.0 = Release|x64
		{B4A32EFA-5246-41B3-80DA-3B0A6C53259F}.Ad-Hoc|x86.ActiveCfg = Release|x86
		{B4A32EFA-5246-41B3-80DA-3B0A6C53259F}.Ad-Hoc|x86.Build.0 = Release|x86
		{B4A32EFA-5246-41B3-80DA-3B0A6C53259F}.Ad-Hoc|x86.Deploy.0 = Release|x86
		{B4A32EFA-5246-41B3-80DA-3B0A6C53259F}.AppStore|Any CPU.ActiveCfg = Release|x86
		{B4A32EFA-5246-41B3-80DA-3B0A6C53259F}.AppStore|Any CPU.Build.0 = Release|x86
		{B4A32EFA-5246-41B3-80DA-3B0A6C53259F}.AppStore|Any CPU.Deploy.0 = Release|x86
		{B4A32EFA-5246-41B3-80DA-3B0A6C53259F}.AppStore|ARM.ActiveCfg = Release|ARM
		{B4A32EFA-5246-41B3-80DA-3B0A6C53259F}.AppStore|ARM.Build.0 = Release|ARM
		{B4A32EFA-5246-41B3-80DA-3B0A6C53259F}.AppStore|ARM.Deploy.0 = Release|ARM
		{B4A32EFA-5246-41B3-80DA-3B0A6C53259F}.AppStore|iPhone.ActiveCfg = Release|x86
		{B4A32EFA-5246-41B3-80DA-3B0A6C53259F}.AppStore|iPhone.Build.0 = Release|x86
		{B4A32EFA-5246-41B3-80DA-3B0A6C53259F}.AppStore|iPhone.Deploy.0 = Release|x86
		{B4A32EFA-5246-41B3-80DA-3B0A6C53259F}.AppStore|iPhoneSimulator.ActiveCfg = Release|x86
		{B4A32EFA-5246-41B3-80DA-3B0A6C53259F}.AppStore|iPhoneSimulator.Build.0 = Release|x86
		{B4A32EFA-5246-41B3-80DA-3B0A6C53259F}.AppStore|iPhoneSimulator.Deploy.0 = Release|x86
		{B4A32EFA-5246-41B3-80DA-3B0A6C53259F}.AppStore|x64.ActiveCfg = Release|x64
		{B4A32EFA-5246-41B3-80DA-3B0A6C53259F}.AppStore|x64.Build.0 = Release|x64
		{B4A32EFA-5246-41B3-80DA-3B0A6C53259F}.AppStore|x64.Deploy.0 = Release|x64
		{B4A32EFA-5246-41B3-80DA-3B0A6C53259F}.AppStore|x86.ActiveCfg = Release|x86
		{B4A32EFA-5246-41B3-80DA-3B0A6C53259F}.AppStore|x86.Build.0 = Release|x86
		{B4A32EFA-5246-41B3-80DA-3B0A6C53259F}.AppStore|x86.Deploy.0 = Release|x86
		{B4A32EFA-5246-41B3-80DA-3B0A6C53259F}.Debug|Any CPU.ActiveCfg = Debug|x86
		{B4A32EFA-5246-41B3-80DA-3B0A6C53259F}.Debug|ARM.ActiveCfg = Debug|ARM
		{B4A32EFA-5246-41B3-80DA-3B0A6C53259F}.Debug|ARM.Build.0 = Debug|ARM
		{B4A32EFA-5246-41B3-80DA-3B0A6C53259F}.Debug|ARM.Deploy.0 = Debug|ARM
		{B4A32EFA-5246-41B3-80DA-3B0A6C53259F}.Debug|iPhone.ActiveCfg = Debug|x86
		{B4A32EFA-5246-41B3-80DA-3B0A6C53259F}.Debug|iPhoneSimulator.ActiveCfg = Debug|x86
		{B4A32EFA-5246-41B3-80DA-3B0A6C53259F}.Debug|x64.ActiveCfg = Debug|x64
		{B4A32EFA-5246-41B3-80DA-3B0A6C53259F}.Debug|x64.Build.0 = Debug|x64
		{B4A32EFA-5246-41B3-80DA-3B0A6C53259F}.Debug|x64.Deploy.0 = Debug|x64
		{B4A32EFA-5246-41B3-80DA-3B0A6C53259F}.Debug|x86.ActiveCfg = Debug|x86
		{B4A32EFA-5246-41B3-80DA-3B0A6C53259F}.Debug|x86.Build.0 = Debug|x86
		{B4A32EFA-5246-41B3-80DA-3B0A6C53259F}.Debug|x86.Deploy.0 = Debug|x86
		{B4A32EFA-5246-41B3-80DA-3B0A6C53259F}.Release|Any CPU.ActiveCfg = Release|x86
		{B4A32EFA-5246-41B3-80DA-3B0A6C53259F}.Release|ARM.ActiveCfg = Release|ARM
		{B4A32EFA-5246-41B3-80DA-3B0A6C53259F}.Release|ARM.Build.0 = Release|ARM
		{B4A32EFA-5246-41B3-80DA-3B0A6C53259F}.Release|ARM.Deploy.0 = Release|ARM
		{B4A32EFA-5246-41B3-80DA-3B0A6C53259F}.Release|iPhone.ActiveCfg = Release|x86
		{B4A32EFA-5246-41B3-80DA-3B0A6C53259F}.Release|iPhoneSimulator.ActiveCfg = Release|x86
		{B4A32EFA-5246-41B3-80DA-3B0A6C53259F}.Release|x64.ActiveCfg = Release|x64
		{B4A32EFA-5246-41B3-80DA-3B0A6C53259F}.Release|x64.Build.0 = Release|x64
		{B4A32EFA-5246-41B3-80DA-3B0A6C53259F}.Release|x64.Deploy.0 = Release|x64
		{B4A32EFA-5246-41B3-80DA-3B0A6C53259F}.Release|x86.ActiveCfg = Release|x86
		{B4A32EFA-5246-41B3-80DA-3B0A6C53259F}.Release|x86.Build.0 = Release|x86
		{B4A32EFA-5246-41B3-80DA-3B0A6C53259F}.Release|x86.Deploy.0 = Release|x86
		{DAD7D376-B536-41CE-8D71-16708738C72F}.Ad-Hoc|Any CPU.ActiveCfg = Debug|Any CPU
		{DAD7D376-B536-41CE-8D71-16708738C72F}.Ad-Hoc|Any CPU.Build.0 = Debug|Any CPU
		{DAD7D376-B536-41CE-8D71-16708738C72F}.Ad-Hoc|ARM.ActiveCfg = Debug|Any CPU
		{DAD7D376-B536-41CE-8D71-16708738C72F}.Ad-Hoc|ARM.Build.0 = Debug|Any CPU
		{DAD7D376-B536-41CE-8D71-16708738C72F}.Ad-Hoc|iPhone.ActiveCfg = Debug|Any CPU
		{DAD7D376-B536-41CE-8D71-16708738C72F}.Ad-Hoc|iPhone.Build.0 = Debug|Any CPU
		{DAD7D376-B536-41CE-8D71-16708738C72F}.Ad-Hoc|iPhoneSimulator.ActiveCfg = Debug|Any CPU
		{DAD7D376-B536-41CE-8D71-16708738C72F}.Ad-Hoc|iPhoneSimulator.Build.0 = Debug|Any CPU
		{DAD7D376-B536-41CE-8D71-16708738C72F}.Ad-Hoc|x64.ActiveCfg = Debug|Any CPU
		{DAD7D376-B536-41CE-8D71-16708738C72F}.Ad-Hoc|x64.Build.0 = Debug|Any CPU
		{DAD7D376-B536-41CE-8D71-16708738C72F}.Ad-Hoc|x86.ActiveCfg = Debug|Any CPU
		{DAD7D376-B536-41CE-8D71-16708738C72F}.Ad-Hoc|x86.Build.0 = Debug|Any CPU
		{DAD7D376-B536-41CE-8D71-16708738C72F}.AppStore|Any CPU.ActiveCfg = Debug|Any CPU
		{DAD7D376-B536-41CE-8D71-16708738C72F}.AppStore|Any CPU.Build.0 = Debug|Any CPU
		{DAD7D376-B536-41CE-8D71-16708738C72F}.AppStore|ARM.ActiveCfg = Debug|Any CPU
		{DAD7D376-B536-41CE-8D71-16708738C72F}.AppStore|ARM.Build.0 = Debug|Any CPU
		{DAD7D376-B536-41CE-8D71-16708738C72F}.AppStore|iPhone.ActiveCfg = Debug|Any CPU
		{DAD7D376-B536-41CE-8D71-16708738C72F}.AppStore|iPhone.Build.0 = Debug|Any CPU
		{DAD7D376-B536-41CE-8D71-16708738C72F}.AppStore|iPhoneSimulator.ActiveCfg = Debug|Any CPU
		{DAD7D376-B536-41CE-8D71-16708738C72F}.AppStore|iPhoneSimulator.Build.0 = Debug|Any CPU
		{DAD7D376-B536-41CE-8D71-16708738C72F}.AppStore|x64.ActiveCfg = Debug|Any CPU
		{DAD7D376-B536-41CE-8D71-16708738C72F}.AppStore|x64.Build.0 = Debug|Any CPU
		{DAD7D376-B536-41CE-8D71-16708738C72F}.AppStore|x86.ActiveCfg = Debug|Any CPU
		{DAD7D376-B536-41CE-8D71-16708738C72F}.AppStore|x86.Build.0 = Debug|Any CPU
		{DAD7D376-B536-41CE-8D71-16708738C72F}.Debug|Any CPU.ActiveCfg = Debug|Any CPU
		{DAD7D376-B536-41CE-8D71-16708738C72F}.Debug|Any CPU.Build.0 = Debug|Any CPU
		{DAD7D376-B536-41CE-8D71-16708738C72F}.Debug|ARM.ActiveCfg = Debug|Any CPU
		{DAD7D376-B536-41CE-8D71-16708738C72F}.Debug|ARM.Build.0 = Debug|Any CPU
		{DAD7D376-B536-41CE-8D71-16708738C72F}.Debug|iPhone.ActiveCfg = Debug|Any CPU
		{DAD7D376-B536-41CE-8D71-16708738C72F}.Debug|iPhone.Build.0 = Debug|Any CPU
		{DAD7D376-B536-41CE-8D71-16708738C72F}.Debug|iPhoneSimulator.ActiveCfg = Debug|Any CPU
		{DAD7D376-B536-41CE-8D71-16708738C72F}.Debug|iPhoneSimulator.Build.0 = Debug|Any CPU
		{DAD7D376-B536-41CE-8D71-16708738C72F}.Debug|x64.ActiveCfg = Debug|Any CPU
		{DAD7D376-B536-41CE-8D71-16708738C72F}.Debug|x64.Build.0 = Debug|Any CPU
		{DAD7D376-B536-41CE-8D71-16708738C72F}.Debug|x86.ActiveCfg = Debug|Any CPU
		{DAD7D376-B536-41CE-8D71-16708738C72F}.Debug|x86.Build.0 = Debug|Any CPU
		{DAD7D376-B536-41CE-8D71-16708738C72F}.Release|Any CPU.ActiveCfg = Release|Any CPU
		{DAD7D376-B536-41CE-8D71-16708738C72F}.Release|Any CPU.Build.0 = Release|Any CPU
		{DAD7D376-B536-41CE-8D71-16708738C72F}.Release|ARM.ActiveCfg = Release|Any CPU
		{DAD7D376-B536-41CE-8D71-16708738C72F}.Release|ARM.Build.0 = Release|Any CPU
		{DAD7D376-B536-41CE-8D71-16708738C72F}.Release|iPhone.ActiveCfg = Release|Any CPU
		{DAD7D376-B536-41CE-8D71-16708738C72F}.Release|iPhone.Build.0 = Release|Any CPU
		{DAD7D376-B536-41CE-8D71-16708738C72F}.Release|iPhoneSimulator.ActiveCfg = Release|Any CPU
		{DAD7D376-B536-41CE-8D71-16708738C72F}.Release|iPhoneSimulator.Build.0 = Release|Any CPU
		{DAD7D376-B536-41CE-8D71-16708738C72F}.Release|x64.ActiveCfg = Release|Any CPU
		{DAD7D376-B536-41CE-8D71-16708738C72F}.Release|x64.Build.0 = Release|Any CPU
		{DAD7D376-B536-41CE-8D71-16708738C72F}.Release|x86.ActiveCfg = Release|Any CPU
		{DAD7D376-B536-41CE-8D71-16708738C72F}.Release|x86.Build.0 = Release|Any CPU
	EndGlobalSection
	GlobalSection(SolutionProperties) = preSolution
		HideSolutionNode = FALSE
	EndGlobalSection
	GlobalSection(ExtensibilityGlobals) = postSolution
		SolutionGuid = {AE7E57CD-666B-4BF0-8969-68F65C7FF6D4}
	EndGlobalSection
EndGlobal
